
Microsoft Visual Studio Solution File, Format Version 12.00
# Visual Studio Version 16
VisualStudioVersion = 16.0.31112.23
MinimumVisualStudioVersion = 10.0.40219.1
Project("{FAE04EC0-301F-11D3-BF4B-00C04F79EFBC}") = "HeiseP5", "HeiseP5\HeiseP5.csproj", "{1AA00EF5-0DC3-4DBA-BCE2-2E76B261F8AA}"
EndProject
Global
	GlobalSection(SolutionConfigurationPlatforms) = preSolution
		Debug|Any CPU = Debug|Any CPU
		Release|Any CPU = Release|Any CPU
	EndGlobalSection
	GlobalSection(ProjectConfigurationPlatforms) = postSolution
		{1AA00EF5-0DC3-4DBA-BCE2-2E76B261F8AA}.Debug|Any CPU.ActiveCfg = Debug|Any CPU
		{1AA00EF5-0DC3-4DBA-BCE2-2E76B261F8AA}.Debug|Any CPU.Build.0 = Debug|Any CPU
		{1AA00EF5-0DC3-4DBA-BCE2-2E76B261F8AA}.Release|Any CPU.ActiveCfg = Release|Any CPU
		{1AA00EF5-0DC3-4DBA-BCE2-2E76B261F8AA}.Release|Any CPU.Build.0 = Release|Any CPU
	EndGlobalSection
	GlobalSection(SolutionProperties) = preSolution
		HideSolutionNode = FALSE
	EndGlobalSection
	GlobalSection(ExtensibilityGlobals) = postSolution
		SolutionGuid = {BDA36443-FC9D-4085-B61B-BAC3050F6239}
	EndGlobalSection
EndGlobal
